
Microsoft Visual Studio Solution File, Format Version 12.00
# Visual Studio Version 17
VisualStudioVersion = 17.14.36603.0 d17.14
MinimumVisualStudioVersion = 10.0.40219.1
Project("{888888A0-9F3D-457C-B088-3A5042F75D52}") = "Labka5.3", "Labka5.3\Labka5.3.pyproj", "{9066CD62-F6B2-42F6-A6A2-A04209FB17D8}"
EndProject
Global
	GlobalSection(SolutionConfigurationPlatforms) = preSolution
		Debug|Any CPU = Debug|Any CPU
		Release|Any CPU = Release|Any CPU
	EndGlobalSection
	GlobalSection(ProjectConfigurationPlatforms) = postSolution
		{9066CD62-F6B2-42F6-A6A2-A04209FB17D8}.Debug|Any CPU.ActiveCfg = Debug|Any CPU
		{9066CD62-F6B2-42F6-A6A2-A04209FB17D8}.Release|Any CPU.ActiveCfg = Release|Any CPU
	EndGlobalSection
	GlobalSection(SolutionProperties) = preSolution
		HideSolutionNode = FALSE
	EndGlobalSection
	GlobalSection(ExtensibilityGlobals) = postSolution
		SolutionGuid = {0A12DFCF-3248-4FD0-8376-2FD476E47771}
	EndGlobalSection
EndGlobal
