
Microsoft Visual Studio Solution File, Format Version 12.00
# Visual Studio Version 17
VisualStudioVersion = 17.14.36429.23
MinimumVisualStudioVersion = 10.0.40219.1
Project("{FAE04EC0-301F-11D3-BF4B-00C04F79EFBC}") = "Labka3.1", "WindowsFormsApp1\Labka3.1.csproj", "{7434547C-66BD-4675-B0DA-DA489BE6C4CD}"
EndProject
Global
	GlobalSection(SolutionConfigurationPlatforms) = preSolution
		Debug|Any CPU = Debug|Any CPU
		Release|Any CPU = Release|Any CPU
	EndGlobalSection
	GlobalSection(ProjectConfigurationPlatforms) = postSolution
		{7434547C-66BD-4675-B0DA-DA489BE6C4CD}.Debug|Any CPU.ActiveCfg = Debug|Any CPU
		{7434547C-66BD-4675-B0DA-DA489BE6C4CD}.Debug|Any CPU.Build.0 = Debug|Any CPU
		{7434547C-66BD-4675-B0DA-DA489BE6C4CD}.Release|Any CPU.ActiveCfg = Release|Any CPU
		{7434547C-66BD-4675-B0DA-DA489BE6C4CD}.Release|Any CPU.Build.0 = Release|Any CPU
	EndGlobalSection
	GlobalSection(SolutionProperties) = preSolution
		HideSolutionNode = FALSE
	EndGlobalSection
	GlobalSection(ExtensibilityGlobals) = postSolution
		SolutionGuid = {1F4D7ACC-6E31-4263-9172-EEB27188A13C}
	EndGlobalSection
EndGlobal
