
Microsoft Visual Studio Solution File, Format Version 12.00
# Visual Studio Version 17
VisualStudioVersion = 17.14.36705.20 d17.14
MinimumVisualStudioVersion = 10.0.40219.1
Project("{888888A0-9F3D-457C-B088-3A5042F75D52}") = "Labka12", "Labka12\Labka12.pyproj", "{1BADB2EF-989E-456C-867B-46A4365D93C4}"
EndProject
Project("{888888A0-9F3D-457C-B088-3A5042F75D52}") = "Task2", "Task2\Task2.pyproj", "{496EEA20-358F-4EB4-BE9C-5012B9B3F89A}"
EndProject
Project("{888888A0-9F3D-457C-B088-3A5042F75D52}") = "Task3", "Task3\Task3.pyproj", "{F76519D0-E257-4135-9595-42A26690BFA5}"
EndProject
Project("{888888A0-9F3D-457C-B088-3A5042F75D52}") = "Task4", "Task4\Task4.pyproj", "{05A4B927-7EE9-4519-9224-78925CCB3BD0}"
EndProject
Global
	GlobalSection(SolutionConfigurationPlatforms) = preSolution
		Debug|Any CPU = Debug|Any CPU
		Release|Any CPU = Release|Any CPU
	EndGlobalSection
	GlobalSection(ProjectConfigurationPlatforms) = postSolution
		{1BADB2EF-989E-456C-867B-46A4365D93C4}.Debug|Any CPU.ActiveCfg = Debug|Any CPU
		{1BADB2EF-989E-456C-867B-46A4365D93C4}.Release|Any CPU.ActiveCfg = Release|Any CPU
		{496EEA20-358F-4EB4-BE9C-5012B9B3F89A}.Debug|Any CPU.ActiveCfg = Debug|Any CPU
		{496EEA20-358F-4EB4-BE9C-5012B9B3F89A}.Release|Any CPU.ActiveCfg = Release|Any CPU
		{F76519D0-E257-4135-9595-42A26690BFA5}.Debug|Any CPU.ActiveCfg = Debug|Any CPU
		{F76519D0-E257-4135-9595-42A26690BFA5}.Release|Any CPU.ActiveCfg = Release|Any CPU
		{05A4B927-7EE9-4519-9224-78925CCB3BD0}.Debug|Any CPU.ActiveCfg = Debug|Any CPU
		{05A4B927-7EE9-4519-9224-78925CCB3BD0}.Release|Any CPU.ActiveCfg = Release|Any CPU
	EndGlobalSection
	GlobalSection(SolutionProperties) = preSolution
		HideSolutionNode = FALSE
	EndGlobalSection
	GlobalSection(ExtensibilityGlobals) = postSolution
		SolutionGuid = {1BAEF1C1-6653-411F-AAD6-350314B86BAC}
	EndGlobalSection
EndGlobal
