
Microsoft Visual Studio Solution File, Format Version 12.00
# Visual Studio Version 17
VisualStudioVersion = 17.14.36429.23 d17.14
MinimumVisualStudioVersion = 10.0.40219.1
Project("{FAE04EC0-301F-11D3-BF4B-00C04F79EFBC}") = "Labka1.3", "Labka1.3\Labka1.3.csproj", "{B197D863-FFE3-46C6-B6FE-EFC85142C4A9}"
EndProject
Global
	GlobalSection(SolutionConfigurationPlatforms) = preSolution
		Debug|Any CPU = Debug|Any CPU
		Release|Any CPU = Release|Any CPU
	EndGlobalSection
	GlobalSection(ProjectConfigurationPlatforms) = postSolution
		{B197D863-FFE3-46C6-B6FE-EFC85142C4A9}.Debug|Any CPU.ActiveCfg = Debug|Any CPU
		{B197D863-FFE3-46C6-B6FE-EFC85142C4A9}.Debug|Any CPU.Build.0 = Debug|Any CPU
		{B197D863-FFE3-46C6-B6FE-EFC85142C4A9}.Release|Any CPU.ActiveCfg = Release|Any CPU
		{B197D863-FFE3-46C6-B6FE-EFC85142C4A9}.Release|Any CPU.Build.0 = Release|Any CPU
	EndGlobalSection
	GlobalSection(SolutionProperties) = preSolution
		HideSolutionNode = FALSE
	EndGlobalSection
	GlobalSection(ExtensibilityGlobals) = postSolution
		SolutionGuid = {EB168B07-1C3C-4D37-ABDD-C94813321DA1}
	EndGlobalSection
EndGlobal
